
Microsoft Visual Studio Solution File, Format Version 12.00
# Visual Studio 15
Project("{FAE04EC0-301F-11D3-BF4B-00C04F79EFBC}") = "Assembly-CSharp-firstpass", "Assembly-CSharp-firstpass.csproj", "{5587E58A-BF92-3E4B-383B-30CA516F81DD}"
EndProject
Project("{FAE04EC0-301F-11D3-BF4B-00C04F79EFBC}") = "Assembly-CSharp", "Assembly-CSharp.csproj", "{0F219995-5800-4DA6-FF5B-89F684276EB9}"
EndProject
Project("{FAE04EC0-301F-11D3-BF4B-00C04F79EFBC}") = "Assembly-CSharp-Editor-firstpass", "Assembly-CSharp-Editor-firstpass.csproj", "{A2E7B45D-1CD0-8ED0-0F49-21F2576B6174}"
EndProject
Global
	GlobalSection(SolutionConfigurationPlatforms) = preSolution
		Debug|Any CPU = Debug|Any CPU
		Release|Any CPU = Release|Any CPU
	EndGlobalSection
	GlobalSection(ProjectConfigurationPlatforms) = postSolution
		{5587E58A-BF92-3E4B-383B-30CA516F81DD}.Debug|Any CPU.ActiveCfg = Debug|Any CPU
		{5587E58A-BF92-3E4B-383B-30CA516F81DD}.Debug|Any CPU.Build.0 = Debug|Any CPU
		{5587E58A-BF92-3E4B-383B-30CA516F81DD}.Release|Any CPU.ActiveCfg = Release|Any CPU
		{5587E58A-BF92-3E4B-383B-30CA516F81DD}.Release|Any CPU.Build.0 = Release|Any CPU
		{0F219995-5800-4DA6-FF5B-89F684276EB9}.Debug|Any CPU.ActiveCfg = Debug|Any CPU
		{0F219995-5800-4DA6-FF5B-89F684276EB9}.Debug|Any CPU.Build.0 = Debug|Any CPU
		{0F219995-5800-4DA6-FF5B-89F684276EB9}.Release|Any CPU.ActiveCfg = Release|Any CPU
		{0F219995-5800-4DA6-FF5B-89F684276EB9}.Release|Any CPU.Build.0 = Release|Any CPU
		{A2E7B45D-1CD0-8ED0-0F49-21F2576B6174}.Debug|Any CPU.ActiveCfg = Debug|Any CPU
		{A2E7B45D-1CD0-8ED0-0F49-21F2576B6174}.Debug|Any CPU.Build.0 = Debug|Any CPU
		{A2E7B45D-1CD0-8ED0-0F49-21F2576B6174}.Release|Any CPU.ActiveCfg = Release|Any CPU
		{A2E7B45D-1CD0-8ED0-0F49-21F2576B6174}.Release|Any CPU.Build.0 = Release|Any CPU
	EndGlobalSection
	GlobalSection(SolutionProperties) = preSolution
		HideSolutionNode = FALSE
	EndGlobalSection
EndGlobal
